// !$*UTF8*$!
{
	archiveVersion = 1;
	classes = {
	};
	objectVersion = 48;
	objects = {

/* Begin PBXBuildFile section */
		C1C4B4EB20DC336600D3F02C /* main.cpp in Sources */ = {isa = PBXBuildFile; fileRef = C1C4B4EA20DC336600D3F02C /* main.cpp */; };
		C1C4B4F320DC383E00D3F02C /* log.cpp in Sources */ = {isa = PBXBuildFile; fileRef = C1C4B4F120DC383E00D3F02C /* log.cpp */; };
		C1C4B4F620DC3E8E00D3F02C /* Math.cpp in Sources */ = {isa = PBXBuildFile; fileRef = C1C4B4F420DC3E8E00D3F02C /* Math.cpp */; };
		C1C4B4F820DC404E00D3F02C /* HeaderDemo.cpp in Sources */ = {isa = PBXBuildFile; fileRef = C1C4B4F720DC404D00D3F02C /* HeaderDemo.cpp */; };
/* End PBXBuildFile section */

/* Begin PBXCopyFilesBuildPhase section */
		C1C4B4E520DC336600D3F02C /* CopyFiles */ = {
			isa = PBXCopyFilesBuildPhase;
			buildActionMask = 2147483647;
			dstPath = /usr/share/man/man1/;
			dstSubfolderSpec = 0;
			files = (
			);
			runOnlyForDeploymentPostprocessing = 1;
		};
/* End PBXCopyFilesBuildPhase section */

/* Begin PBXFileReference section */
		C1C4B4E720DC336600D3F02C /* Cpp_project */ = {isa = PBXFileReference; explicitFileType = "compiled.mach-o.executable"; includeInIndex = 0; path = Cpp_project; sourceTree = BUILT_PRODUCTS_DIR; };
		C1C4B4EA20DC336600D3F02C /* main.cpp */ = {isa = PBXFileReference; lastKnownFileType = sourcecode.cpp.cpp; path = main.cpp; sourceTree = "<group>"; };
		C1C4B4F120DC383E00D3F02C /* log.cpp */ = {isa = PBXFileReference; lastKnownFileType = sourcecode.cpp.cpp; path = log.cpp; sourceTree = "<group>"; };
		C1C4B4F220DC383E00D3F02C /* log.hpp */ = {isa = PBXFileReference; lastKnownFileType = sourcecode.cpp.h; path = log.hpp; sourceTree = "<group>"; };
		C1C4B4F420DC3E8E00D3F02C /* Math.cpp */ = {isa = PBXFileReference; lastKnownFileType = sourcecode.cpp.cpp; path = Math.cpp; sourceTree = "<group>"; };
		C1C4B4F520DC3E8E00D3F02C /* Math.hpp */ = {isa = PBXFileReference; lastKnownFileType = sourcecode.cpp.h; path = Math.hpp; sourceTree = "<group>"; };
		C1C4B4F720DC404D00D3F02C /* HeaderDemo.cpp */ = {isa = PBXFileReference; lastKnownFileType = sourcecode.cpp.cpp; path = HeaderDemo.cpp; sourceTree = "<group>"; };
		C1C4B4F920DC40C200D3F02C /* EndBrace.h */ = {isa = PBXFileReference; lastKnownFileType = sourcecode.c.h; path = EndBrace.h; sourceTree = "<group>"; };
/* End PBXFileReference section */

/* Begin PBXFrameworksBuildPhase section */
		C1C4B4E420DC336600D3F02C /* Frameworks */ = {
			isa = PBXFrameworksBuildPhase;
			buildActionMask = 2147483647;
			files = (
			);
			runOnlyForDeploymentPostprocessing = 0;
		};
/* End PBXFrameworksBuildPhase section */

/* Begin PBXGroup section */
		C1C4B4DE20DC336600D3F02C = {
			isa = PBXGroup;
			children = (
				C1C4B4E920DC336600D3F02C /* Cpp_project */,
				C1C4B4E820DC336600D3F02C /* Products */,
			);
			sourceTree = "<group>";
		};
		C1C4B4E820DC336600D3F02C /* Products */ = {
			isa = PBXGroup;
			children = (
				C1C4B4E720DC336600D3F02C /* Cpp_project */,
			);
			name = Products;
			sourceTree = "<group>";
		};
		C1C4B4E920DC336600D3F02C /* Cpp_project */ = {
			isa = PBXGroup;
			children = (
				C1C4B4EA20DC336600D3F02C /* main.cpp */,
				C1C4B4F120DC383E00D3F02C /* log.cpp */,
				C1C4B4F220DC383E00D3F02C /* log.hpp */,
				C1C4B4F420DC3E8E00D3F02C /* Math.cpp */,
				C1C4B4F520DC3E8E00D3F02C /* Math.hpp */,
				C1C4B4F720DC404D00D3F02C /* HeaderDemo.cpp */,
				C1C4B4F920DC40C200D3F02C /* EndBrace.h */,
			);
			path = Cpp_project;
			sourceTree = "<group>";
		};
/* End PBXGroup section */

/* Begin PBXNativeTarget section */
		C1C4B4E620DC336600D3F02C /* Cpp_project */ = {
			isa = PBXNativeTarget;
			buildConfigurationList = C1C4B4EE20DC336600D3F02C /* Build configuration list for PBXNativeTarget "Cpp_project" */;
			buildPhases = (
				C1C4B4E320DC336600D3F02C /* Sources */,
				C1C4B4E420DC336600D3F02C /* Frameworks */,
				C1C4B4E520DC336600D3F02C /* CopyFiles */,
			);
			buildRules = (
			);
			dependencies = (
			);
			name = Cpp_project;
			productName = Cpp_project;
			productReference = C1C4B4E720DC336600D3F02C /* Cpp_project */;
			productType = "com.apple.product-type.tool";
		};
/* End PBXNativeTarget section */

/* Begin PBXProject section */
		C1C4B4DF20DC336600D3F02C /* Project object */ = {
			isa = PBXProject;
			attributes = {
				LastUpgradeCheck = 0900;
				ORGANIZATIONNAME = "Ryan Sangha";
				TargetAttributes = {
					C1C4B4E620DC336600D3F02C = {
						CreatedOnToolsVersion = 9.0;
						ProvisioningStyle = Automatic;
					};
				};
			};
			buildConfigurationList = C1C4B4E220DC336600D3F02C /* Build configuration list for PBXProject "Cpp_project" */;
			compatibilityVersion = "Xcode 8.0";
			developmentRegion = en;
			hasScannedForEncodings = 0;
			knownRegions = (
				en,
			);
			mainGroup = C1C4B4DE20DC336600D3F02C;
			productRefGroup = C1C4B4E820DC336600D3F02C /* Products */;
			projectDirPath = "";
			projectRoot = "";
			targets = (
				C1C4B4E620DC336600D3F02C /* Cpp_project */,
			);
		};
/* End PBXProject section */

/* Begin PBXSourcesBuildPhase section */
		C1C4B4E320DC336600D3F02C /* Sources */ = {
			isa = PBXSourcesBuildPhase;
			buildActionMask = 2147483647;
			files = (
				C1C4B4F620DC3E8E00D3F02C /* Math.cpp in Sources */,
				C1C4B4F820DC404E00D3F02C /* HeaderDemo.cpp in Sources */,
				C1C4B4F320DC383E00D3F02C /* log.cpp in Sources */,
				C1C4B4EB20DC336600D3F02C /* main.cpp in Sources */,
			);
			runOnlyForDeploymentPostprocessing = 0;
		};
/* End PBXSourcesBuildPhase section */

/* Begin XCBuildConfiguration section */
		C1C4B4EC20DC336600D3F02C /* Debug */ = {
			isa = XCBuildConfiguration;
			buildSettings = {
				ALWAYS_SEARCH_USER_PATHS = NO;
				CLANG_ANALYZER_NONNULL = YES;
				CLANG_ANALYZER_NUMBER_OBJECT_CONVERSION = YES_AGGRESSIVE;
				CLANG_CXX_LANGUAGE_STANDARD = "gnu++14";
				CLANG_CXX_LIBRARY = "libc++";
				CLANG_ENABLE_MODULES = YES;
				CLANG_ENABLE_OBJC_ARC = YES;
				CLANG_WARN_BLOCK_CAPTURE_AUTORELEASING = YES;
				CLANG_WARN_BOOL_CONVERSION = YES;
				CLANG_WARN_COMMA = YES;
				CLANG_WARN_CONSTANT_CONVERSION = YES;
				CLANG_WARN_DIRECT_OBJC_ISA_USAGE = YES_ERROR;
				CLANG_WARN_DOCUMENTATION_COMMENTS = YES;
				CLANG_WARN_EMPTY_BODY = YES;
				CLANG_WARN_ENUM_CONVERSION = YES;
				CLANG_WARN_INFINITE_RECURSION = YES;
				CLANG_WARN_INT_CONVERSION = YES;
				CLANG_WARN_NON_LITERAL_NULL_CONVERSION = YES;
				CLANG_WARN_OBJC_LITERAL_CONVERSION = YES;
				CLANG_WARN_OBJC_ROOT_CLASS = YES_ERROR;
				CLANG_WARN_RANGE_LOOP_ANALYSIS = YES;
				CLANG_WARN_STRICT_PROTOTYPES = YES;
				CLANG_WARN_SUSPICIOUS_MOVE = YES;
				CLANG_WARN_UNGUARDED_AVAILABILITY = YES_AGGRESSIVE;
				CLANG_WARN_UNREACHABLE_CODE = YES;
				CLANG_WARN__DUPLICATE_METHOD_MATCH = YES;
				CODE_SIGN_IDENTITY = "Mac Developer";
				COPY_PHASE_STRIP = NO;
				DEBUG_INFORMATION_FORMAT = dwarf;
				ENABLE_STRICT_OBJC_MSGSEND = YES;
				ENABLE_TESTABILITY = YES;
				GCC_C_LANGUAGE_STANDARD = gnu11;
				GCC_DYNAMIC_NO_PIC = NO;
				GCC_NO_COMMON_BLOCKS = YES;
				GCC_OPTIMIZATION_LEVEL = 0;
				GCC_PREPROCESSOR_DEFINITIONS = (
					"DEBUG=1",
					"$(inherited)",
				);
				GCC_WARN_64_TO_32_BIT_CONVERSION = YES;
				GCC_WARN_ABOUT_RETURN_TYPE = YES_ERROR;
				GCC_WARN_UNDECLARED_SELECTOR = YES;
				GCC_WARN_UNINITIALIZED_AUTOS = YES_AGGRESSIVE;
				GCC_WARN_UNUSED_FUNCTION = YES;
				GCC_WARN_UNUSED_VARIABLE = YES;
				MACOSX_DEPLOYMENT_TARGET = 10.13;
				MTL_ENABLE_DEBUG_INFO = YES;
				ONLY_ACTIVE_ARCH = YES;
				SDKROOT = macosx;
			};
			name = Debug;
		};
		C1C4B4ED20DC336600D3F02C /* Release */ = {
			isa = XCBuildConfiguration;
			buildSettings = {
				ALWAYS_SEARCH_USER_PATHS = NO;
				CLANG_ANALYZER_NONNULL = YES;
				CLANG_ANALYZER_NUMBER_OBJECT_CONVERSION = YES_AGGRESSIVE;
				CLANG_CXX_LANGUAGE_STANDARD = "gnu++14";
				CLANG_CXX_LIBRARY = "libc++";
				CLANG_ENABLE_MODULES = YES;
				CLANG_ENABLE_OBJC_ARC = YES;
				CLANG_WARN_BLOCK_CAPTURE_AUTORELEASING = YES;
				CLANG_WARN_BOOL_CONVERSION = YES;
				CLANG_WARN_COMMA = YES;
				CLANG_WARN_CONSTANT_CONVERSION = YES;
				CLANG_WARN_DIRECT_OBJC_ISA_USAGE = YES_ERROR;
				CLANG_WARN_DOCUMENTATION_COMMENTS = YES;
				CLANG_WARN_EMPTY_BODY = YES;
				CLANG_WARN_ENUM_CONVERSION = YES;
				CLANG_WARN_INFINITE_RECURSION = YES;
				CLANG_WARN_INT_CONVERSION = YES;
				CLANG_WARN_NON_LITERAL_NULL_CONVERSION = YES;
				CLANG_WARN_OBJC_LITERAL_CONVERSION = YES;
				CLANG_WARN_OBJC_ROOT_CLASS = YES_ERROR;
				CLANG_WARN_RANGE_LOOP_ANALYSIS = YES;
				CLANG_WARN_STRICT_PROTOTYPES = YES;
				CLANG_WARN_SUSPICIOUS_MOVE = YES;
				CLANG_WARN_UNGUARDED_AVAILABILITY = YES_AGGRESSIVE;
				CLANG_WARN_UNREACHABLE_CODE = YES;
				CLANG_WARN__DUPLICATE_METHOD_MATCH = YES;
				CODE_SIGN_IDENTITY = "Mac Developer";
				COPY_PHASE_STRIP = NO;
				DEBUG_INFORMATION_FORMAT = "dwarf-with-dsym";
				ENABLE_NS_ASSERTIONS = NO;
				ENABLE_STRICT_OBJC_MSGSEND = YES;
				GCC_C_LANGUAGE_STANDARD = gnu11;
				GCC_NO_COMMON_BLOCKS = YES;
				GCC_WARN_64_TO_32_BIT_CONVERSION = YES;
				GCC_WARN_ABOUT_RETURN_TYPE = YES_ERROR;
				GCC_WARN_UNDECLARED_SELECTOR = YES;
				GCC_WARN_UNINITIALIZED_AUTOS = YES_AGGRESSIVE;
				GCC_WARN_UNUSED_FUNCTION = YES;
				GCC_WARN_UNUSED_VARIABLE = YES;
				MACOSX_DEPLOYMENT_TARGET = 10.13;
				MTL_ENABLE_DEBUG_INFO = NO;
				SDKROOT = macosx;
			};
			name = Release;
		};
		C1C4B4EF20DC336600D3F02C /* Debug */ = {
			isa = XCBuildConfiguration;
			buildSettings = {
				CODE_SIGN_STYLE = Automatic;
				DEVELOPMENT_TEAM = 9RZ3V59P46;
				PRODUCT_NAME = "$(TARGET_NAME)";
			};
			name = Debug;
		};
		C1C4B4F020DC336600D3F02C /* Release */ = {
			isa = XCBuildConfiguration;
			buildSettings = {
				CODE_SIGN_STYLE = Automatic;
				DEVELOPMENT_TEAM = 9RZ3V59P46;
				PRODUCT_NAME = "$(TARGET_NAME)";
			};
			name = Release;
		};
/* End XCBuildConfiguration section */

/* Begin XCConfigurationList section */
		C1C4B4E220DC336600D3F02C /* Build configuration list for PBXProject "Cpp_project" */ = {
			isa = XCConfigurationList;
			buildConfigurations = (
				C1C4B4EC20DC336600D3F02C /* Debug */,
				C1C4B4ED20DC336600D3F02C /* Release */,
			);
			defaultConfigurationIsVisible = 0;
			defaultConfigurationName = Release;
		};
		C1C4B4EE20DC336600D3F02C /* Build configuration list for PBXNativeTarget "Cpp_project" */ = {
			isa = XCConfigurationList;
			buildConfigurations = (
				C1C4B4EF20DC336600D3F02C /* Debug */,
				C1C4B4F020DC336600D3F02C /* Release */,
			);
			defaultConfigurationIsVisible = 0;
			defaultConfigurationName = Release;
		};
/* End XCConfigurationList section */
	};
	rootObject = C1C4B4DF20DC336600D3F02C /* Project object */;
}
